
Microsoft Visual Studio Solution File, Format Version 12.00
# Visual Studio Version 17
VisualStudioVersion = 17.11.34929.205
MinimumVisualStudioVersion = 10.0.40219.1
Project("{FAE04EC0-301F-11D3-BF4B-00C04F79EFBC}") = "MES", "MES\MES.csproj", "{0C05B64D-731B-470E-90C7-EF465A765386}"
EndProject
Global
	GlobalSection(SolutionConfigurationPlatforms) = preSolution
		Debug|Any CPU = Debug|Any CPU
		Release|Any CPU = Release|Any CPU
	EndGlobalSection
	GlobalSection(ProjectConfigurationPlatforms) = postSolution
		{0C05B64D-731B-470E-90C7-EF465A765386}.Debug|Any CPU.ActiveCfg = Debug|Any CPU
		{0C05B64D-731B-470E-90C7-EF465A765386}.Debug|Any CPU.Build.0 = Debug|Any CPU
		{0C05B64D-731B-470E-90C7-EF465A765386}.Release|Any CPU.ActiveCfg = Release|Any CPU
		{0C05B64D-731B-470E-90C7-EF465A765386}.Release|Any CPU.Build.0 = Release|Any CPU
	EndGlobalSection
	GlobalSection(SolutionProperties) = preSolution
		HideSolutionNode = FALSE
	EndGlobalSection
	GlobalSection(ExtensibilityGlobals) = postSolution
		SolutionGuid = {69151879-9872-4549-8A80-44531A3B5C38}
	EndGlobalSection
EndGlobal
